
Microsoft Visual Studio Solution File, Format Version 12.00
# Visual Studio Version 16
VisualStudioVersion = 16.0.31112.23
MinimumVisualStudioVersion = 10.0.40219.1
Project("{9A19103F-16F7-4668-BE54-9A1E7A4F7556}") = "fusariose", "fusariose\fusariose.csproj", "{F3A2FEFF-E4A1-49BE-8B1C-5E42CD3DF8E9}"
EndProject
Project("{FAE04EC0-301F-11D3-BF4B-00C04F79EFBC}") = "fusariose_api", "fusariose_api\fusariose_api.csproj", "{A987D7FA-0204-49B2-BB46-DDDCC0475D80}"
EndProject
Global
	GlobalSection(SolutionConfigurationPlatforms) = preSolution
		Debug|Any CPU = Debug|Any CPU
		Release|Any CPU = Release|Any CPU
	EndGlobalSection
	GlobalSection(ProjectConfigurationPlatforms) = postSolution
		{F3A2FEFF-E4A1-49BE-8B1C-5E42CD3DF8E9}.Debug|Any CPU.ActiveCfg = Debug|Any CPU
		{F3A2FEFF-E4A1-49BE-8B1C-5E42CD3DF8E9}.Debug|Any CPU.Build.0 = Debug|Any CPU
		{F3A2FEFF-E4A1-49BE-8B1C-5E42CD3DF8E9}.Release|Any CPU.ActiveCfg = Release|Any CPU
		{F3A2FEFF-E4A1-49BE-8B1C-5E42CD3DF8E9}.Release|Any CPU.Build.0 = Release|Any CPU
		{A987D7FA-0204-49B2-BB46-DDDCC0475D80}.Debug|Any CPU.ActiveCfg = Debug|Any CPU
		{A987D7FA-0204-49B2-BB46-DDDCC0475D80}.Debug|Any CPU.Build.0 = Debug|Any CPU
		{A987D7FA-0204-49B2-BB46-DDDCC0475D80}.Release|Any CPU.ActiveCfg = Release|Any CPU
		{A987D7FA-0204-49B2-BB46-DDDCC0475D80}.Release|Any CPU.Build.0 = Release|Any CPU
	EndGlobalSection
	GlobalSection(SolutionProperties) = preSolution
		HideSolutionNode = FALSE
	EndGlobalSection
	GlobalSection(ExtensibilityGlobals) = postSolution
		SolutionGuid = {B0FB3461-BE80-40BE-865F-C72EB52B938D}
	EndGlobalSection
EndGlobal
